// !$*UTF8*$!
{
	archiveVersion = 1;
	classes = {
	};
	objectVersion = 46;
	objects = {

/* Begin PBXBuildFile section */
		9918902D1B074E3A001937B0 /* placeholder small.gif in Resources */ = {isa = PBXBuildFile; fileRef = 9918902C1B074E3A001937B0 /* placeholder small.gif */; };
		9918902F1B074E4C001937B0 /* placeholder wide.gif in Resources */ = {isa = PBXBuildFile; fileRef = 9918902E1B074E4C001937B0 /* placeholder wide.gif */; };
		9919CD451B0260B600AAEEA1 /* QueryModel.swift in Sources */ = {isa = PBXBuildFile; fileRef = 9919CD441B0260B600AAEEA1 /* QueryModel.swift */; };
		9935B5131B04C681005343D9 /* singleMovieCell.xib in Resources */ = {isa = PBXBuildFile; fileRef = 9935B5121B04C681005343D9 /* singleMovieCell.xib */; };
		9935B5151B04C97B005343D9 /* SingleMovieCellClass.swift in Sources */ = {isa = PBXBuildFile; fileRef = 9935B5141B04C97B005343D9 /* SingleMovieCellClass.swift */; };
		997E02C51B0631D7006B7157 /* DoubleMovieCellClass.swift in Sources */ = {isa = PBXBuildFile; fileRef = 997E02C41B0631D7006B7157 /* DoubleMovieCellClass.swift */; };
		998A838B1B012AD70038F751 /* SuggestionsViewController.swift in Sources */ = {isa = PBXBuildFile; fileRef = 998A838A1B012AD70038F751 /* SuggestionsViewController.swift */; };
		99C90BB01B0BF5CE00940B17 /* OverviewViewController.swift in Sources */ = {isa = PBXBuildFile; fileRef = 99C90BAF1B0BF5CE00940B17 /* OverviewViewController.swift */; };
		99C90BB21B0BF5FC00940B17 /* CommentsViewController.swift in Sources */ = {isa = PBXBuildFile; fileRef = 99C90BB11B0BF5FC00940B17 /* CommentsViewController.swift */; };
		99C90BB41B0BF63100940B17 /* SimilarViewController.swift in Sources */ = {isa = PBXBuildFile; fileRef = 99C90BB31B0BF63100940B17 /* SimilarViewController.swift */; };
		99D717F51AF41F1100DF3D62 /* AppDelegate.swift in Sources */ = {isa = PBXBuildFile; fileRef = 99D717F41AF41F1100DF3D62 /* AppDelegate.swift */; };
		99D717F71AF41F1100DF3D62 /* WelcomeViewController.swift in Sources */ = {isa = PBXBuildFile; fileRef = 99D717F61AF41F1100DF3D62 /* WelcomeViewController.swift */; };
		99D717FA1AF41F1100DF3D62 /* Main.storyboard in Resources */ = {isa = PBXBuildFile; fileRef = 99D717F81AF41F1100DF3D62 /* Main.storyboard */; };
		99D717FC1AF41F1100DF3D62 /* Images.xcassets in Resources */ = {isa = PBXBuildFile; fileRef = 99D717FB1AF41F1100DF3D62 /* Images.xcassets */; };
		99D717FF1AF41F1100DF3D62 /* LaunchScreen.xib in Resources */ = {isa = PBXBuildFile; fileRef = 99D717FD1AF41F1100DF3D62 /* LaunchScreen.xib */; };
		99D7180B1AF41F1100DF3D62 /* FilmrTests.swift in Sources */ = {isa = PBXBuildFile; fileRef = 99D7180A1AF41F1100DF3D62 /* FilmrTests.swift */; };
		99E16FE61B07E5BE00022F3B /* QueryViewController.swift in Sources */ = {isa = PBXBuildFile; fileRef = 99E16FE51B07E5BE00022F3B /* QueryViewController.swift */; };
		99E394FF1B04F9D9009D76AD /* doubleMovieCell.xib in Resources */ = {isa = PBXBuildFile; fileRef = 99E394FE1B04F9D9009D76AD /* doubleMovieCell.xib */; };
/* End PBXBuildFile section */

/* Begin PBXContainerItemProxy section */
		99D718051AF41F1100DF3D62 /* PBXContainerItemProxy */ = {
			isa = PBXContainerItemProxy;
			containerPortal = 99D717E71AF41F1100DF3D62 /* Project object */;
			proxyType = 1;
			remoteGlobalIDString = 99D717EE1AF41F1100DF3D62;
			remoteInfo = Filmr;
		};
/* End PBXContainerItemProxy section */

/* Begin PBXFileReference section */
		9918902C1B074E3A001937B0 /* placeholder small.gif */ = {isa = PBXFileReference; lastKnownFileType = image.gif; path = "placeholder small.gif"; sourceTree = "<group>"; };
		9918902E1B074E4C001937B0 /* placeholder wide.gif */ = {isa = PBXFileReference; lastKnownFileType = image.gif; path = "placeholder wide.gif"; sourceTree = "<group>"; };
		9919CD441B0260B600AAEEA1 /* QueryModel.swift */ = {isa = PBXFileReference; fileEncoding = 4; lastKnownFileType = sourcecode.swift; path = QueryModel.swift; sourceTree = "<group>"; };
		9935B5121B04C681005343D9 /* singleMovieCell.xib */ = {isa = PBXFileReference; fileEncoding = 4; lastKnownFileType = file.xib; path = singleMovieCell.xib; sourceTree = "<group>"; };
		9935B5141B04C97B005343D9 /* SingleMovieCellClass.swift */ = {isa = PBXFileReference; fileEncoding = 4; lastKnownFileType = sourcecode.swift; path = SingleMovieCellClass.swift; sourceTree = "<group>"; };
		997E02C41B0631D7006B7157 /* DoubleMovieCellClass.swift */ = {isa = PBXFileReference; fileEncoding = 4; lastKnownFileType = sourcecode.swift; path = DoubleMovieCellClass.swift; sourceTree = "<group>"; };
		998A838A1B012AD70038F751 /* SuggestionsViewController.swift */ = {isa = PBXFileReference; fileEncoding = 4; lastKnownFileType = sourcecode.swift; name = SuggestionsViewController.swift; path = ../SuggestionsViewController.swift; sourceTree = "<group>"; };
		99C90BAF1B0BF5CE00940B17 /* OverviewViewController.swift */ = {isa = PBXFileReference; fileEncoding = 4; lastKnownFileType = sourcecode.swift; path = OverviewViewController.swift; sourceTree = "<group>"; };
		99C90BB11B0BF5FC00940B17 /* CommentsViewController.swift */ = {isa = PBXFileReference; fileEncoding = 4; lastKnownFileType = sourcecode.swift; path = CommentsViewController.swift; sourceTree = "<group>"; };
		99C90BB31B0BF63100940B17 /* SimilarViewController.swift */ = {isa = PBXFileReference; fileEncoding = 4; lastKnownFileType = sourcecode.swift; path = SimilarViewController.swift; sourceTree = "<group>"; };
		99D717EF1AF41F1100DF3D62 /* Filmr.app */ = {isa = PBXFileReference; explicitFileType = wrapper.application; includeInIndex = 0; path = Filmr.app; sourceTree = BUILT_PRODUCTS_DIR; };
		99D717F31AF41F1100DF3D62 /* Info.plist */ = {isa = PBXFileReference; lastKnownFileType = text.plist.xml; path = Info.plist; sourceTree = "<group>"; };
		99D717F41AF41F1100DF3D62 /* AppDelegate.swift */ = {isa = PBXFileReference; lastKnownFileType = sourcecode.swift; path = AppDelegate.swift; sourceTree = "<group>"; };
		99D717F61AF41F1100DF3D62 /* WelcomeViewController.swift */ = {isa = PBXFileReference; lastKnownFileType = sourcecode.swift; path = WelcomeViewController.swift; sourceTree = "<group>"; };
		99D717F91AF41F1100DF3D62 /* Base */ = {isa = PBXFileReference; lastKnownFileType = file.storyboard; name = Base; path = Base.lproj/Main.storyboard; sourceTree = "<group>"; };
		99D717FB1AF41F1100DF3D62 /* Images.xcassets */ = {isa = PBXFileReference; lastKnownFileType = folder.assetcatalog; path = Images.xcassets; sourceTree = "<group>"; };
		99D717FE1AF41F1100DF3D62 /* Base */ = {isa = PBXFileReference; lastKnownFileType = file.xib; name = Base; path = Base.lproj/LaunchScreen.xib; sourceTree = "<group>"; };
		99D718041AF41F1100DF3D62 /* FilmrTests.xctest */ = {isa = PBXFileReference; explicitFileType = wrapper.cfbundle; includeInIndex = 0; path = FilmrTests.xctest; sourceTree = BUILT_PRODUCTS_DIR; };
		99D718091AF41F1100DF3D62 /* Info.plist */ = {isa = PBXFileReference; lastKnownFileType = text.plist.xml; path = Info.plist; sourceTree = "<group>"; };
		99D7180A1AF41F1100DF3D62 /* FilmrTests.swift */ = {isa = PBXFileReference; lastKnownFileType = sourcecode.swift; path = FilmrTests.swift; sourceTree = "<group>"; };
		99E16FE51B07E5BE00022F3B /* QueryViewController.swift */ = {isa = PBXFileReference; fileEncoding = 4; lastKnownFileType = sourcecode.swift; path = QueryViewController.swift; sourceTree = "<group>"; };
		99E394FE1B04F9D9009D76AD /* doubleMovieCell.xib */ = {isa = PBXFileReference; fileEncoding = 4; lastKnownFileType = file.xib; path = doubleMovieCell.xib; sourceTree = "<group>"; };
/* End PBXFileReference section */

/* Begin PBXFrameworksBuildPhase section */
		99D717EC1AF41F1100DF3D62 /* Frameworks */ = {
			isa = PBXFrameworksBuildPhase;
			buildActionMask = 2147483647;
			files = (
			);
			runOnlyForDeploymentPostprocessing = 0;
		};
		99D718011AF41F1100DF3D62 /* Frameworks */ = {
			isa = PBXFrameworksBuildPhase;
			buildActionMask = 2147483647;
			files = (
			);
			runOnlyForDeploymentPostprocessing = 0;
		};
/* End PBXFrameworksBuildPhase section */

/* Begin PBXGroup section */
		99D717E61AF41F1000DF3D62 = {
			isa = PBXGroup;
			children = (
				99D717F11AF41F1100DF3D62 /* Filmr */,
				99D718071AF41F1100DF3D62 /* FilmrTests */,
				99D717F01AF41F1100DF3D62 /* Products */,
			);
			sourceTree = "<group>";
		};
		99D717F01AF41F1100DF3D62 /* Products */ = {
			isa = PBXGroup;
			children = (
				99D717EF1AF41F1100DF3D62 /* Filmr.app */,
				99D718041AF41F1100DF3D62 /* FilmrTests.xctest */,
			);
			name = Products;
			sourceTree = "<group>";
		};
		99D717F11AF41F1100DF3D62 /* Filmr */ = {
			isa = PBXGroup;
			children = (
				99E16FE51B07E5BE00022F3B /* QueryViewController.swift */,
				998A838A1B012AD70038F751 /* SuggestionsViewController.swift */,
				99D717F41AF41F1100DF3D62 /* AppDelegate.swift */,
				99D717F61AF41F1100DF3D62 /* WelcomeViewController.swift */,
				99D717F81AF41F1100DF3D62 /* Main.storyboard */,
				99D717FB1AF41F1100DF3D62 /* Images.xcassets */,
				99D717FD1AF41F1100DF3D62 /* LaunchScreen.xib */,
				99D717F21AF41F1100DF3D62 /* Supporting Files */,
				9919CD441B0260B600AAEEA1 /* QueryModel.swift */,
				9935B5121B04C681005343D9 /* singleMovieCell.xib */,
				997E02C41B0631D7006B7157 /* DoubleMovieCellClass.swift */,
				9935B5141B04C97B005343D9 /* SingleMovieCellClass.swift */,
				99E394FE1B04F9D9009D76AD /* doubleMovieCell.xib */,
				99C90BAF1B0BF5CE00940B17 /* OverviewViewController.swift */,
				99C90BB11B0BF5FC00940B17 /* CommentsViewController.swift */,
				99C90BB31B0BF63100940B17 /* SimilarViewController.swift */,
			);
			path = Filmr;
			sourceTree = "<group>";
		};
		99D717F21AF41F1100DF3D62 /* Supporting Files */ = {
			isa = PBXGroup;
			children = (
				9918902E1B074E4C001937B0 /* placeholder wide.gif */,
				9918902C1B074E3A001937B0 /* placeholder small.gif */,
				99D717F31AF41F1100DF3D62 /* Info.plist */,
			);
			name = "Supporting Files";
			sourceTree = "<group>";
		};
		99D718071AF41F1100DF3D62 /* FilmrTests */ = {
			isa = PBXGroup;
			children = (
				99D7180A1AF41F1100DF3D62 /* FilmrTests.swift */,
				99D718081AF41F1100DF3D62 /* Supporting Files */,
			);
			path = FilmrTests;
			sourceTree = "<group>";
		};
		99D718081AF41F1100DF3D62 /* Supporting Files */ = {
			isa = PBXGroup;
			children = (
				99D718091AF41F1100DF3D62 /* Info.plist */,
			);
			name = "Supporting Files";
			sourceTree = "<group>";
		};
/* End PBXGroup section */

/* Begin PBXNativeTarget section */
		99D717EE1AF41F1100DF3D62 /* Filmr */ = {
			isa = PBXNativeTarget;
			buildConfigurationList = 99D7180E1AF41F1100DF3D62 /* Build configuration list for PBXNativeTarget "Filmr" */;
			buildPhases = (
				99D717EB1AF41F1100DF3D62 /* Sources */,
				99D717EC1AF41F1100DF3D62 /* Frameworks */,
				99D717ED1AF41F1100DF3D62 /* Resources */,
			);
			buildRules = (
			);
			dependencies = (
			);
			name = Filmr;
			productName = Filmr;
			productReference = 99D717EF1AF41F1100DF3D62 /* Filmr.app */;
			productType = "com.apple.product-type.application";
		};
		99D718031AF41F1100DF3D62 /* FilmrTests */ = {
			isa = PBXNativeTarget;
			buildConfigurationList = 99D718111AF41F1100DF3D62 /* Build configuration list for PBXNativeTarget "FilmrTests" */;
			buildPhases = (
				99D718001AF41F1100DF3D62 /* Sources */,
				99D718011AF41F1100DF3D62 /* Frameworks */,
				99D718021AF41F1100DF3D62 /* Resources */,
			);
			buildRules = (
			);
			dependencies = (
				99D718061AF41F1100DF3D62 /* PBXTargetDependency */,
			);
			name = FilmrTests;
			productName = FilmrTests;
			productReference = 99D718041AF41F1100DF3D62 /* FilmrTests.xctest */;
			productType = "com.apple.product-type.bundle.unit-test";
		};
/* End PBXNativeTarget section */

/* Begin PBXProject section */
		99D717E71AF41F1100DF3D62 /* Project object */ = {
			isa = PBXProject;
			attributes = {
				LastUpgradeCheck = 0630;
				ORGANIZATIONNAME = "Usman Amjed";
				TargetAttributes = {
					99D717EE1AF41F1100DF3D62 = {
						CreatedOnToolsVersion = 6.3.1;
					};
					99D718031AF41F1100DF3D62 = {
						CreatedOnToolsVersion = 6.3.1;
						TestTargetID = 99D717EE1AF41F1100DF3D62;
					};
				};
			};
			buildConfigurationList = 99D717EA1AF41F1100DF3D62 /* Build configuration list for PBXProject "Filmr" */;
			compatibilityVersion = "Xcode 3.2";
			developmentRegion = English;
			hasScannedForEncodings = 0;
			knownRegions = (
				en,
				Base,
			);
			mainGroup = 99D717E61AF41F1000DF3D62;
			productRefGroup = 99D717F01AF41F1100DF3D62 /* Products */;
			projectDirPath = "";
			projectRoot = "";
			targets = (
				99D717EE1AF41F1100DF3D62 /* Filmr */,
				99D718031AF41F1100DF3D62 /* FilmrTests */,
			);
		};
/* End PBXProject section */

/* Begin PBXResourcesBuildPhase section */
		99D717ED1AF41F1100DF3D62 /* Resources */ = {
			isa = PBXResourcesBuildPhase;
			buildActionMask = 2147483647;
			files = (
				99D717FA1AF41F1100DF3D62 /* Main.storyboard in Resources */,
				99D717FF1AF41F1100DF3D62 /* LaunchScreen.xib in Resources */,
				99E394FF1B04F9D9009D76AD /* doubleMovieCell.xib in Resources */,
				9918902D1B074E3A001937B0 /* placeholder small.gif in Resources */,
				9918902F1B074E4C001937B0 /* placeholder wide.gif in Resources */,
				9935B5131B04C681005343D9 /* singleMovieCell.xib in Resources */,
				99D717FC1AF41F1100DF3D62 /* Images.xcassets in Resources */,
			);
			runOnlyForDeploymentPostprocessing = 0;
		};
		99D718021AF41F1100DF3D62 /* Resources */ = {
			isa = PBXResourcesBuildPhase;
			buildActionMask = 2147483647;
			files = (
			);
			runOnlyForDeploymentPostprocessing = 0;
		};
/* End PBXResourcesBuildPhase section */

/* Begin PBXSourcesBuildPhase section */
		99D717EB1AF41F1100DF3D62 /* Sources */ = {
			isa = PBXSourcesBuildPhase;
			buildActionMask = 2147483647;
			files = (
				9919CD451B0260B600AAEEA1 /* QueryModel.swift in Sources */,
				99E16FE61B07E5BE00022F3B /* QueryViewController.swift in Sources */,
				998A838B1B012AD70038F751 /* SuggestionsViewController.swift in Sources */,
				997E02C51B0631D7006B7157 /* DoubleMovieCellClass.swift in Sources */,
				99D717F71AF41F1100DF3D62 /* WelcomeViewController.swift in Sources */,
				99C90BB01B0BF5CE00940B17 /* OverviewViewController.swift in Sources */,
				99C90BB41B0BF63100940B17 /* SimilarViewController.swift in Sources */,
				99D717F51AF41F1100DF3D62 /* AppDelegate.swift in Sources */,
				9935B5151B04C97B005343D9 /* SingleMovieCellClass.swift in Sources */,
				99C90BB21B0BF5FC00940B17 /* CommentsViewController.swift in Sources */,
			);
			runOnlyForDeploymentPostprocessing = 0;
		};
		99D718001AF41F1100DF3D62 /* Sources */ = {
			isa = PBXSourcesBuildPhase;
			buildActionMask = 2147483647;
			files = (
				99D7180B1AF41F1100DF3D62 /* FilmrTests.swift in Sources */,
			);
			runOnlyForDeploymentPostprocessing = 0;
		};
/* End PBXSourcesBuildPhase section */

/* Begin PBXTargetDependency section */
		99D718061AF41F1100DF3D62 /* PBXTargetDependency */ = {
			isa = PBXTargetDependency;
			target = 99D717EE1AF41F1100DF3D62 /* Filmr */;
			targetProxy = 99D718051AF41F1100DF3D62 /* PBXContainerItemProxy */;
		};
/* End PBXTargetDependency section */

/* Begin PBXVariantGroup section */
		99D717F81AF41F1100DF3D62 /* Main.storyboard */ = {
			isa = PBXVariantGroup;
			children = (
				99D717F91AF41F1100DF3D62 /* Base */,
			);
			name = Main.storyboard;
			sourceTree = "<group>";
		};
		99D717FD1AF41F1100DF3D62 /* LaunchScreen.xib */ = {
			isa = PBXVariantGroup;
			children = (
				99D717FE1AF41F1100DF3D62 /* Base */,
			);
			name = LaunchScreen.xib;
			sourceTree = "<group>";
		};
/* End PBXVariantGroup section */

/* Begin XCBuildConfiguration section */
		99D7180C1AF41F1100DF3D62 /* Debug */ = {
			isa = XCBuildConfiguration;
			buildSettings = {
				ALWAYS_SEARCH_USER_PATHS = NO;
				CLANG_CXX_LANGUAGE_STANDARD = "gnu++0x";
				CLANG_CXX_LIBRARY = "libc++";
				CLANG_ENABLE_MODULES = YES;
				CLANG_ENABLE_OBJC_ARC = YES;
				CLANG_WARN_BOOL_CONVERSION = YES;
				CLANG_WARN_CONSTANT_CONVERSION = YES;
				CLANG_WARN_DIRECT_OBJC_ISA_USAGE = YES_ERROR;
				CLANG_WARN_EMPTY_BODY = YES;
				CLANG_WARN_ENUM_CONVERSION = YES;
				CLANG_WARN_INT_CONVERSION = YES;
				CLANG_WARN_OBJC_ROOT_CLASS = YES_ERROR;
				CLANG_WARN_UNREACHABLE_CODE = YES;
				CLANG_WARN__DUPLICATE_METHOD_MATCH = YES;
				"CODE_SIGN_IDENTITY[sdk=iphoneos*]" = "iPhone Developer";
				COPY_PHASE_STRIP = NO;
				DEBUG_INFORMATION_FORMAT = "dwarf-with-dsym";
				ENABLE_STRICT_OBJC_MSGSEND = YES;
				GCC_C_LANGUAGE_STANDARD = gnu99;
				GCC_DYNAMIC_NO_PIC = NO;
				GCC_NO_COMMON_BLOCKS = YES;
				GCC_OPTIMIZATION_LEVEL = 0;
				GCC_PREPROCESSOR_DEFINITIONS = (
					"DEBUG=1",
					"$(inherited)",
				);
				GCC_SYMBOLS_PRIVATE_EXTERN = NO;
				GCC_WARN_64_TO_32_BIT_CONVERSION = YES;
				GCC_WARN_ABOUT_RETURN_TYPE = YES_ERROR;
				GCC_WARN_UNDECLARED_SELECTOR = YES;
				GCC_WARN_UNINITIALIZED_AUTOS = YES_AGGRESSIVE;
				GCC_WARN_UNUSED_FUNCTION = YES;
				GCC_WARN_UNUSED_VARIABLE = YES;
				IPHONEOS_DEPLOYMENT_TARGET = 8.3;
				MTL_ENABLE_DEBUG_INFO = YES;
				ONLY_ACTIVE_ARCH = YES;
				SDKROOT = iphoneos;
				SWIFT_OPTIMIZATION_LEVEL = "-Onone";
				TARGETED_DEVICE_FAMILY = "1,2";
			};
			name = Debug;
		};
		99D7180D1AF41F1100DF3D62 /* Release */ = {
			isa = XCBuildConfiguration;
			buildSettings = {
				ALWAYS_SEARCH_USER_PATHS = NO;
				CLANG_CXX_LANGUAGE_STANDARD = "gnu++0x";
				CLANG_CXX_LIBRARY = "libc++";
				CLANG_ENABLE_MODULES = YES;
				CLANG_ENABLE_OBJC_ARC = YES;
				CLANG_WARN_BOOL_CONVERSION = YES;
				CLANG_WARN_CONSTANT_CONVERSION = YES;
				CLANG_WARN_DIRECT_OBJC_ISA_USAGE = YES_ERROR;
				CLANG_WARN_EMPTY_BODY = YES;
				CLANG_WARN_ENUM_CONVERSION = YES;
				CLANG_WARN_INT_CONVERSION = YES;
				CLANG_WARN_OBJC_ROOT_CLASS = YES_ERROR;
				CLANG_WARN_UNREACHABLE_CODE = YES;
				CLANG_WARN__DUPLICATE_METHOD_MATCH = YES;
				"CODE_SIGN_IDENTITY[sdk=iphoneos*]" = "iPhone Developer";
				COPY_PHASE_STRIP = NO;
				DEBUG_INFORMATION_FORMAT = "dwarf-with-dsym";
				ENABLE_NS_ASSERTIONS = NO;
				ENABLE_STRICT_OBJC_MSGSEND = YES;
				GCC_C_LANGUAGE_STANDARD = gnu99;
				GCC_NO_COMMON_BLOCKS = YES;
				GCC_WARN_64_TO_32_BIT_CONVERSION = YES;
				GCC_WARN_ABOUT_RETURN_TYPE = YES_ERROR;
				GCC_WARN_UNDECLARED_SELECTOR = YES;
				GCC_WARN_UNINITIALIZED_AUTOS = YES_AGGRESSIVE;
				GCC_WARN_UNUSED_FUNCTION = YES;
				GCC_WARN_UNUSED_VARIABLE = YES;
				IPHONEOS_DEPLOYMENT_TARGET = 8.3;
				MTL_ENABLE_DEBUG_INFO = NO;
				SDKROOT = iphoneos;
				TARGETED_DEVICE_FAMILY = "1,2";
				VALIDATE_PRODUCT = YES;
			};
			name = Release;
		};
		99D7180F1AF41F1100DF3D62 /* Debug */ = {
			isa = XCBuildConfiguration;
			buildSettings = {
				ASSETCATALOG_COMPILER_APPICON_NAME = AppIcon;
				INFOPLIST_FILE = Filmr/Info.plist;
				LD_RUNPATH_SEARCH_PATHS = "$(inherited) @executable_path/Frameworks";
				PRODUCT_NAME = "$(TARGET_NAME)";
			};
			name = Debug;
		};
		99D718101AF41F1100DF3D62 /* Release */ = {
			isa = XCBuildConfiguration;
			buildSettings = {
				ASSETCATALOG_COMPILER_APPICON_NAME = AppIcon;
				INFOPLIST_FILE = Filmr/Info.plist;
				LD_RUNPATH_SEARCH_PATHS = "$(inherited) @executable_path/Frameworks";
				PRODUCT_NAME = "$(TARGET_NAME)";
			};
			name = Release;
		};
		99D718121AF41F1100DF3D62 /* Debug */ = {
			isa = XCBuildConfiguration;
			buildSettings = {
				BUNDLE_LOADER = "$(TEST_HOST)";
				FRAMEWORK_SEARCH_PATHS = (
					"$(SDKROOT)/Developer/Library/Frameworks",
					"$(inherited)",
				);
				GCC_PREPROCESSOR_DEFINITIONS = (
					"DEBUG=1",
					"$(inherited)",
				);
				INFOPLIST_FILE = FilmrTests/Info.plist;
				LD_RUNPATH_SEARCH_PATHS = "$(inherited) @executable_path/Frameworks @loader_path/Frameworks";
				PRODUCT_NAME = "$(TARGET_NAME)";
				TEST_HOST = "$(BUILT_PRODUCTS_DIR)/Filmr.app/Filmr";
			};
			name = Debug;
		};
		99D718131AF41F1100DF3D62 /* Release */ = {
			isa = XCBuildConfiguration;
			buildSettings = {
				BUNDLE_LOADER = "$(TEST_HOST)";
				FRAMEWORK_SEARCH_PATHS = (
					"$(SDKROOT)/Developer/Library/Frameworks",
					"$(inherited)",
				);
				INFOPLIST_FILE = FilmrTests/Info.plist;
				LD_RUNPATH_SEARCH_PATHS = "$(inherited) @executable_path/Frameworks @loader_path/Frameworks";
				PRODUCT_NAME = "$(TARGET_NAME)";
				TEST_HOST = "$(BUILT_PRODUCTS_DIR)/Filmr.app/Filmr";
			};
			name = Release;
		};
/* End XCBuildConfiguration section */

/* Begin XCConfigurationList section */
		99D717EA1AF41F1100DF3D62 /* Build configuration list for PBXProject "Filmr" */ = {
			isa = XCConfigurationList;
			buildConfigurations = (
				99D7180C1AF41F1100DF3D62 /* Debug */,
				99D7180D1AF41F1100DF3D62 /* Release */,
			);
			defaultConfigurationIsVisible = 0;
			defaultConfigurationName = Release;
		};
		99D7180E1AF41F1100DF3D62 /* Build configuration list for PBXNativeTarget "Filmr" */ = {
			isa = XCConfigurationList;
			buildConfigurations = (
				99D7180F1AF41F1100DF3D62 /* Debug */,
				99D718101AF41F1100DF3D62 /* Release */,
			);
			defaultConfigurationIsVisible = 0;
			defaultConfigurationName = Release;
		};
		99D718111AF41F1100DF3D62 /* Build configuration list for PBXNativeTarget "FilmrTests" */ = {
			isa = XCConfigurationList;
			buildConfigurations = (
				99D718121AF41F1100DF3D62 /* Debug */,
				99D718131AF41F1100DF3D62 /* Release */,
			);
			defaultConfigurationIsVisible = 0;
			defaultConfigurationName = Release;
		};
/* End XCConfigurationList section */
	};
	rootObject = 99D717E71AF41F1100DF3D62 /* Project object */;
}
